
Microsoft Visual Studio Solution File, Format Version 12.00
# Visual Studio 14
VisualStudioVersion = 14.0.25420.1
MinimumVisualStudioVersion = 10.0.40219.1
Project("{FAE04EC0-301F-11D3-BF4B-00C04F79EFBC}") = "WebAPISeflHosted", "WebAPISeflHosted\WebAPISeflHosted.csproj", "{EB05BB4F-D65E-4A7F-AC19-E91C4D82A784}"
EndProject
Global
	GlobalSection(SolutionConfigurationPlatforms) = preSolution
		Debug|Any CPU = Debug|Any CPU
		Release|Any CPU = Release|Any CPU
	EndGlobalSection
	GlobalSection(ProjectConfigurationPlatforms) = postSolution
		{EB05BB4F-D65E-4A7F-AC19-E91C4D82A784}.Debug|Any CPU.ActiveCfg = Debug|Any CPU
		{EB05BB4F-D65E-4A7F-AC19-E91C4D82A784}.Debug|Any CPU.Build.0 = Debug|Any CPU
		{EB05BB4F-D65E-4A7F-AC19-E91C4D82A784}.Release|Any CPU.ActiveCfg = Release|Any CPU
		{EB05BB4F-D65E-4A7F-AC19-E91C4D82A784}.Release|Any CPU.Build.0 = Release|Any CPU
	EndGlobalSection
	GlobalSection(SolutionProperties) = preSolution
		HideSolutionNode = FALSE
	EndGlobalSection
EndGlobal
